
Microsoft Visual Studio Solution File, Format Version 12.00
# Visual Studio 14
VisualStudioVersion = 14.0.25123.0
MinimumVisualStudioVersion = 10.0.40219.1
Project("{FAE04EC0-301F-11D3-BF4B-00C04F79EFBC}") = "CS357Project", "CS357Project\CS357Project.csproj", "{631B6310-EB4F-4445-B581-C0E2B86CE74E}"
EndProject
Global
	GlobalSection(SolutionConfigurationPlatforms) = preSolution
		Debug|Any CPU = Debug|Any CPU
		Release|Any CPU = Release|Any CPU
	EndGlobalSection
	GlobalSection(ProjectConfigurationPlatforms) = postSolution
		{631B6310-EB4F-4445-B581-C0E2B86CE74E}.Debug|Any CPU.ActiveCfg = Debug|Any CPU
		{631B6310-EB4F-4445-B581-C0E2B86CE74E}.Debug|Any CPU.Build.0 = Debug|Any CPU
		{631B6310-EB4F-4445-B581-C0E2B86CE74E}.Release|Any CPU.ActiveCfg = Release|Any CPU
		{631B6310-EB4F-4445-B581-C0E2B86CE74E}.Release|Any CPU.Build.0 = Release|Any CPU
	EndGlobalSection
	GlobalSection(SolutionProperties) = preSolution
		HideSolutionNode = FALSE
	EndGlobalSection
EndGlobal
